
Microsoft Visual Studio Solution File, Format Version 12.00
# Visual Studio Version 17
VisualStudioVersion = 17.10.35027.167
MinimumVisualStudioVersion = 10.0.40219.1
Project("{9A19103F-16F7-4668-BE54-9A1E7A4F7556}") = "InnoApi", "InnoApi\InnoApi.csproj", "{69DC7752-226D-4AEC-9E20-CF2D6471A3A7}"
EndProject
Project("{9A19103F-16F7-4668-BE54-9A1E7A4F7556}") = "InnoMvc", "InnoMvc\InnoMvc.csproj", "{430E5CD6-DF28-4541-88D2-382C7E896AE9}"
EndProject
Global
	GlobalSection(SolutionConfigurationPlatforms) = preSolution
		Debug|Any CPU = Debug|Any CPU
		Release|Any CPU = Release|Any CPU
	EndGlobalSection
	GlobalSection(ProjectConfigurationPlatforms) = postSolution
		{69DC7752-226D-4AEC-9E20-CF2D6471A3A7}.Debug|Any CPU.ActiveCfg = Debug|Any CPU
		{69DC7752-226D-4AEC-9E20-CF2D6471A3A7}.Debug|Any CPU.Build.0 = Debug|Any CPU
		{69DC7752-226D-4AEC-9E20-CF2D6471A3A7}.Release|Any CPU.ActiveCfg = Release|Any CPU
		{69DC7752-226D-4AEC-9E20-CF2D6471A3A7}.Release|Any CPU.Build.0 = Release|Any CPU
		{430E5CD6-DF28-4541-88D2-382C7E896AE9}.Debug|Any CPU.ActiveCfg = Debug|Any CPU
		{430E5CD6-DF28-4541-88D2-382C7E896AE9}.Debug|Any CPU.Build.0 = Debug|Any CPU
		{430E5CD6-DF28-4541-88D2-382C7E896AE9}.Release|Any CPU.ActiveCfg = Release|Any CPU
		{430E5CD6-DF28-4541-88D2-382C7E896AE9}.Release|Any CPU.Build.0 = Release|Any CPU
	EndGlobalSection
	GlobalSection(SolutionProperties) = preSolution
		HideSolutionNode = FALSE
	EndGlobalSection
	GlobalSection(ExtensibilityGlobals) = postSolution
		SolutionGuid = {F0BDEBBF-5983-4407-A511-D19C0E7E941E}
	EndGlobalSection
EndGlobal
